
Microsoft Visual Studio Solution File, Format Version 12.00
# Visual Studio Version 17
VisualStudioVersion = 17.6.33723.286
MinimumVisualStudioVersion = 10.0.40219.1
Project("{FAE04EC0-301F-11D3-BF4B-00C04F79EFBC}") = "Area", "6thTask\Area.csproj", "{4D23224C-61B8-4840-8CFE-0FC1888C9B89}"
EndProject
Project("{FAE04EC0-301F-11D3-BF4B-00C04F79EFBC}") = "Animals", "Animals\Animals.csproj", "{709222A1-4FD4-464E-806A-18BB75B8D380}"
EndProject
Project("{FAE04EC0-301F-11D3-BF4B-00C04F79EFBC}") = "List", "List\List.csproj", "{2942526D-CCC8-456A-91CB-179C878F5949}"
EndProject
Global
	GlobalSection(SolutionConfigurationPlatforms) = preSolution
		Debug|Any CPU = Debug|Any CPU
		Release|Any CPU = Release|Any CPU
	EndGlobalSection
	GlobalSection(ProjectConfigurationPlatforms) = postSolution
		{4D23224C-61B8-4840-8CFE-0FC1888C9B89}.Debug|Any CPU.ActiveCfg = Debug|Any CPU
		{4D23224C-61B8-4840-8CFE-0FC1888C9B89}.Debug|Any CPU.Build.0 = Debug|Any CPU
		{4D23224C-61B8-4840-8CFE-0FC1888C9B89}.Release|Any CPU.ActiveCfg = Release|Any CPU
		{4D23224C-61B8-4840-8CFE-0FC1888C9B89}.Release|Any CPU.Build.0 = Release|Any CPU
		{709222A1-4FD4-464E-806A-18BB75B8D380}.Debug|Any CPU.ActiveCfg = Debug|Any CPU
		{709222A1-4FD4-464E-806A-18BB75B8D380}.Debug|Any CPU.Build.0 = Debug|Any CPU
		{709222A1-4FD4-464E-806A-18BB75B8D380}.Release|Any CPU.ActiveCfg = Release|Any CPU
		{709222A1-4FD4-464E-806A-18BB75B8D380}.Release|Any CPU.Build.0 = Release|Any CPU
		{2942526D-CCC8-456A-91CB-179C878F5949}.Debug|Any CPU.ActiveCfg = Debug|Any CPU
		{2942526D-CCC8-456A-91CB-179C878F5949}.Debug|Any CPU.Build.0 = Debug|Any CPU
		{2942526D-CCC8-456A-91CB-179C878F5949}.Release|Any CPU.ActiveCfg = Release|Any CPU
		{2942526D-CCC8-456A-91CB-179C878F5949}.Release|Any CPU.Build.0 = Release|Any CPU
	EndGlobalSection
	GlobalSection(SolutionProperties) = preSolution
		HideSolutionNode = FALSE
	EndGlobalSection
	GlobalSection(ExtensibilityGlobals) = postSolution
		SolutionGuid = {403E97A4-85F7-4803-8FF1-93B90878EC35}
	EndGlobalSection
EndGlobal
